{
  "nodes": {
    "flake-utils": {
      "locked": {
        "lastModified": 1619345332,
        "narHash": "sha256-qHnQkEp1uklKTpx3MvKtY6xzgcqXDsz5nLilbbuL+3A=",
        "owner": "numtide",
        "repo": "flake-utils",
        "rev": "2ebf2558e5bf978c7fb8ea927dfaed8fefab2e28",
        "type": "github"
      },
      "original": {
        "owner": "numtide",
        "repo": "flake-utils",
        "type": "github"
      }
    },
    "naersk": {
      "inputs": {
        "nixpkgs": [
          "nixpkgs"
        ]
      },
      "locked": {
        "lastModified": 1618844365,
        "narHash": "sha256-Z9t0rr+5OG/ru3jdg3jivfYVU4ydV/nqt8UwIut7uHs=",
        "owner": "nmattia",
        "repo": "naersk",
        "rev": "32e3ba39d9d83098b13720a4384bdda191dd0445",
        "type": "github"
      },
      "original": {
        "owner": "nmattia",
        "repo": "naersk",
        "type": "github"
      }
    },
    "nixpkgs": {
      "locked": {
        "lastModified": 1619323048,
        "narHash": "sha256-wiLspuRrtX4JPO2Xpd0ySsaN+g5i5BVfslCfcIcHSrU=",
        "owner": "NixOS",
        "repo": "nixpkgs",
        "rev": "1fe6ed37fd9beb92afe90671c0c2a662a03463dd",
        "type": "github"
      },
      "original": {
        "owner": "NixOS",
        "ref": "nixos-unstable-small",
        "repo": "nixpkgs",
        "type": "github"
      }
    },
    "root": {
      "inputs": {
        "flake-utils": "flake-utils",
        "naersk": "naersk",
        "nixpkgs": "nixpkgs",
        "rust-overlay": "rust-overlay"
      }
    },
    "rust-overlay": {
      "inputs": {
        "flake-utils": [
          "flake-utils"
        ],
        "nixpkgs": [
          "nixpkgs"
        ]
      },
      "locked": {
        "lastModified": 1619317757,
        "narHash": "sha256-j5pk0keBNP09HEBuFxuWRpakyyIEWnAYffamql8cwOk=",
        "owner": "oxalica",
        "repo": "rust-overlay",
        "rev": "8a866501943fb0802c0031686893277134b56977",
        "type": "github"
      },
      "original": {
        "owner": "oxalica",
        "repo": "rust-overlay",
        "type": "github"
      }
    }
  },
  "root": "root",
  "version": 7
}
